
Microsoft Visual Studio Solution File, Format Version 12.00
# Visual Studio Version 16
VisualStudioVersion = 16.0.30717.126
MinimumVisualStudioVersion = 10.0.40219.1
Project("{FAE04EC0-301F-11D3-BF4B-00C04F79EFBC}") = "redoASPMVC", "redoASPMVC.csproj", "{77B744D9-43D7-4AAD-8654-CE9819526A74}"
EndProject
Global
	GlobalSection(SolutionConfigurationPlatforms) = preSolution
		Debug|Any CPU = Debug|Any CPU
		Release|Any CPU = Release|Any CPU
	EndGlobalSection
	GlobalSection(ProjectConfigurationPlatforms) = postSolution
		{77B744D9-43D7-4AAD-8654-CE9819526A74}.Debug|Any CPU.ActiveCfg = Debug|Any CPU
		{77B744D9-43D7-4AAD-8654-CE9819526A74}.Debug|Any CPU.Build.0 = Debug|Any CPU
		{77B744D9-43D7-4AAD-8654-CE9819526A74}.Release|Any CPU.ActiveCfg = Release|Any CPU
		{77B744D9-43D7-4AAD-8654-CE9819526A74}.Release|Any CPU.Build.0 = Release|Any CPU
	EndGlobalSection
	GlobalSection(SolutionProperties) = preSolution
		HideSolutionNode = FALSE
	EndGlobalSection
	GlobalSection(ExtensibilityGlobals) = postSolution
		SolutionGuid = {463807F9-82C5-4709-9B2E-A68067060D51}
	EndGlobalSection
EndGlobal
